
Microsoft Visual Studio Solution File, Format Version 12.00
# Visual Studio Version 16
VisualStudioVersion = 16.0.31410.357
MinimumVisualStudioVersion = 10.0.40219.1
Project("{FAE04EC0-301F-11D3-BF4B-00C04F79EFBC}") = "SpinningImageDemo", "SpinningImageDemo\SpinningImageDemo.csproj", "{0C3A0CAE-D85A-43DB-9F4C-8155B4EB987F}"
EndProject
Global
	GlobalSection(SolutionConfigurationPlatforms) = preSolution
		Debug|Any CPU = Debug|Any CPU
		Release|Any CPU = Release|Any CPU
	EndGlobalSection
	GlobalSection(ProjectConfigurationPlatforms) = postSolution
		{0C3A0CAE-D85A-43DB-9F4C-8155B4EB987F}.Debug|Any CPU.ActiveCfg = Debug|Any CPU
		{0C3A0CAE-D85A-43DB-9F4C-8155B4EB987F}.Debug|Any CPU.Build.0 = Debug|Any CPU
		{0C3A0CAE-D85A-43DB-9F4C-8155B4EB987F}.Release|Any CPU.ActiveCfg = Release|Any CPU
		{0C3A0CAE-D85A-43DB-9F4C-8155B4EB987F}.Release|Any CPU.Build.0 = Release|Any CPU
	EndGlobalSection
	GlobalSection(SolutionProperties) = preSolution
		HideSolutionNode = FALSE
	EndGlobalSection
	GlobalSection(ExtensibilityGlobals) = postSolution
		SolutionGuid = {600534FA-C377-4B5F-886A-5DB95FCFC7E3}
	EndGlobalSection
EndGlobal
